// !$*UTF8*$!
{
	archiveVersion = 1;
	classes = {
	};
	objectVersion = 46;
	objects = {

/* Begin PBXBuildFile section */
		C7DCD6E41BE0295900F3300E /* SQLite.h in Headers */ = {isa = PBXBuildFile; fileRef = C7DCD6E21BE0295900F3300E /* SQLite.h */; };
		C7DCD6E51BE0295A00F3300E /* SQLite.m in Sources */ = {isa = PBXBuildFile; fileRef = C7DCD6E31BE0295900F3300E /* SQLite.m */; };
		C7DCD7141BE2D5DE00F3300E /* SQLiteResult.m in Sources */ = {isa = PBXBuildFile; fileRef = C7DCD7131BE2D5DE00F3300E /* SQLiteResult.m */; };
		E0369DD62C25BB23004F1B6B /* antlr.jar in Frameworks */ = {isa = PBXBuildFile; fileRef = E0369DB22C25BB23004F1B6B /* antlr.jar */; };
		E0369DD72C25BB23004F1B6B /* gluegen.jar in Frameworks */ = {isa = PBXBuildFile; fileRef = E0369DB32C25BB23004F1B6B /* gluegen.jar */; };
		E0369DD82C25BB23004F1B6B /* cdecode.c in Sources */ = {isa = PBXBuildFile; fileRef = E0369DB62C25BB23004F1B6B /* cdecode.c */; };
		E0369DD92C25BB23004F1B6B /* cdecode.h in Headers */ = {isa = PBXBuildFile; fileRef = E0369DB72C25BB23004F1B6B /* cdecode.h */; };
		E0369DDA2C25BB23004F1B6B /* cencode.c in Sources */ = {isa = PBXBuildFile; fileRef = E0369DB82C25BB23004F1B6B /* cencode.c */; };
		E0369DDB2C25BB23004F1B6B /* cencode.h in Headers */ = {isa = PBXBuildFile; fileRef = E0369DB92C25BB23004F1B6B /* cencode.h */; };
		E0369DDC2C25BB23004F1B6B /* sqlite3.c in Sources */ = {isa = PBXBuildFile; fileRef = E0369DBF2C25BB23004F1B6B /* sqlite3.c */; };
		E0369DDD2C25BB23004F1B6B /* sqlite3.h in Headers */ = {isa = PBXBuildFile; fileRef = E0369DC02C25BB23004F1B6B /* sqlite3.h */; };
		E0369DDE2C25BB23004F1B6B /* sqlite3ext.h in Headers */ = {isa = PBXBuildFile; fileRef = E0369DC12C25BB23004F1B6B /* sqlite3ext.h */; };
		E0369DDF2C25BB23004F1B6B /* Makefile in Sources */ = {isa = PBXBuildFile; fileRef = E0369DC42C25BB23004F1B6B /* Makefile */; };
		E0369DE02C25BB23004F1B6B /* sqlite3_base64.c in Sources */ = {isa = PBXBuildFile; fileRef = E0369DC62C25BB23004F1B6B /* sqlite3_base64.c */; };
		E0369DE12C25BB23004F1B6B /* sqlite3_base64.h in Headers */ = {isa = PBXBuildFile; fileRef = E0369DC72C25BB23004F1B6B /* sqlite3_base64.h */; };
		E0369DE22C25BB23004F1B6B /* test-base64-encode.c in Sources */ = {isa = PBXBuildFile; fileRef = E0369DC92C25BB23004F1B6B /* test-base64-encode.c */; };
		E0369DE32C25BB23004F1B6B /* test-blobfrombase64.c in Sources */ = {isa = PBXBuildFile; fileRef = E0369DCA2C25BB23004F1B6B /* test-blobfrombase64.c */; };
		E0369DE42C25BB23004F1B6B /* sqlite3_regexp.c in Sources */ = {isa = PBXBuildFile; fileRef = E0369DCF2C25BB23004F1B6B /* sqlite3_regexp.c */; };
		E0369DE52C25BB23004F1B6B /* sqlite3_regexp.h in Headers */ = {isa = PBXBuildFile; fileRef = E0369DD02C25BB23004F1B6B /* sqlite3_regexp.h */; };
		E0369DE62C25BB23004F1B6B /* uuid.c in Sources */ = {isa = PBXBuildFile; fileRef = E0369DD32C25BB23004F1B6B /* uuid.c */; };
/* End PBXBuildFile section */

/* Begin PBXCopyFilesBuildPhase section */
		E23D7B451ACEFE2A00C59171 /* CopyFiles */ = {
			isa = PBXCopyFilesBuildPhase;
			buildActionMask = 2147483647;
			dstPath = "include/$(PRODUCT_NAME)";
			dstSubfolderSpec = 16;
			files = (
			);
			runOnlyForDeploymentPostprocessing = 0;
		};
/* End PBXCopyFilesBuildPhase section */

/* Begin PBXFileReference section */
		C7DCD6E21BE0295900F3300E /* SQLite.h */ = {isa = PBXFileReference; fileEncoding = 4; lastKnownFileType = sourcecode.c.h; path = SQLite.h; sourceTree = "<group>"; };
		C7DCD6E31BE0295900F3300E /* SQLite.m */ = {isa = PBXFileReference; fileEncoding = 4; lastKnownFileType = sourcecode.c.objc; path = SQLite.m; sourceTree = "<group>"; };
		C7DCD7131BE2D5DE00F3300E /* SQLiteResult.m */ = {isa = PBXFileReference; fileEncoding = 4; lastKnownFileType = sourcecode.c.objc; path = SQLiteResult.m; sourceTree = "<group>"; };
		C7DCD7151BE2D61E00F3300E /* SQLiteResult.h */ = {isa = PBXFileReference; lastKnownFileType = sourcecode.c.h; path = SQLiteResult.h; sourceTree = "<group>"; };
		E0369DB22C25BB23004F1B6B /* antlr.jar */ = {isa = PBXFileReference; lastKnownFileType = archive.jar; path = antlr.jar; sourceTree = "<group>"; };
		E0369DB32C25BB23004F1B6B /* gluegen.jar */ = {isa = PBXFileReference; lastKnownFileType = archive.jar; path = gluegen.jar; sourceTree = "<group>"; };
		E0369DB42C25BB23004F1B6B /* README.md */ = {isa = PBXFileReference; fileEncoding = 4; lastKnownFileType = net.daringfireball.markdown; path = README.md; sourceTree = "<group>"; };
		E0369DB62C25BB23004F1B6B /* cdecode.c */ = {isa = PBXFileReference; fileEncoding = 4; lastKnownFileType = sourcecode.c.c; path = cdecode.c; sourceTree = "<group>"; };
		E0369DB72C25BB23004F1B6B /* cdecode.h */ = {isa = PBXFileReference; fileEncoding = 4; lastKnownFileType = sourcecode.c.h; path = cdecode.h; sourceTree = "<group>"; };
		E0369DB82C25BB23004F1B6B /* cencode.c */ = {isa = PBXFileReference; fileEncoding = 4; lastKnownFileType = sourcecode.c.c; path = cencode.c; sourceTree = "<group>"; };
		E0369DB92C25BB23004F1B6B /* cencode.h */ = {isa = PBXFileReference; fileEncoding = 4; lastKnownFileType = sourcecode.c.h; path = cencode.h; sourceTree = "<group>"; };
		E0369DBA2C25BB23004F1B6B /* LICENSE */ = {isa = PBXFileReference; fileEncoding = 4; lastKnownFileType = text; path = LICENSE; sourceTree = "<group>"; };
		E0369DBB2C25BB23004F1B6B /* README.md */ = {isa = PBXFileReference; fileEncoding = 4; lastKnownFileType = net.daringfireball.markdown; path = README.md; sourceTree = "<group>"; };
		E0369DBD2C25BB23004F1B6B /* LICENSE.md */ = {isa = PBXFileReference; fileEncoding = 4; lastKnownFileType = net.daringfireball.markdown; path = LICENSE.md; sourceTree = "<group>"; };
		E0369DBE2C25BB23004F1B6B /* README.md */ = {isa = PBXFileReference; fileEncoding = 4; lastKnownFileType = net.daringfireball.markdown; path = README.md; sourceTree = "<group>"; };
		E0369DBF2C25BB23004F1B6B /* sqlite3.c */ = {isa = PBXFileReference; fileEncoding = 4; lastKnownFileType = sourcecode.c.c; path = sqlite3.c; sourceTree = "<group>"; };
		E0369DC02C25BB23004F1B6B /* sqlite3.h */ = {isa = PBXFileReference; fileEncoding = 4; lastKnownFileType = sourcecode.c.h; path = sqlite3.h; sourceTree = "<group>"; };
		E0369DC12C25BB23004F1B6B /* sqlite3ext.h */ = {isa = PBXFileReference; fileEncoding = 4; lastKnownFileType = sourcecode.c.h; path = sqlite3ext.h; sourceTree = "<group>"; };
		E0369DC32C25BB23004F1B6B /* .gitignore */ = {isa = PBXFileReference; fileEncoding = 4; lastKnownFileType = text; path = .gitignore; sourceTree = "<group>"; };
		E0369DC42C25BB23004F1B6B /* Makefile */ = {isa = PBXFileReference; fileEncoding = 4; lastKnownFileType = sourcecode.make; path = Makefile; sourceTree = "<group>"; };
		E0369DC52C25BB23004F1B6B /* README.md */ = {isa = PBXFileReference; fileEncoding = 4; lastKnownFileType = net.daringfireball.markdown; path = README.md; sourceTree = "<group>"; };
		E0369DC62C25BB23004F1B6B /* sqlite3_base64.c */ = {isa = PBXFileReference; fileEncoding = 4; lastKnownFileType = sourcecode.c.c; path = sqlite3_base64.c; sourceTree = "<group>"; };
		E0369DC72C25BB23004F1B6B /* sqlite3_base64.h */ = {isa = PBXFileReference; fileEncoding = 4; lastKnownFileType = sourcecode.c.h; path = sqlite3_base64.h; sourceTree = "<group>"; };
		E0369DC82C25BB23004F1B6B /* test-all.mk */ = {isa = PBXFileReference; fileEncoding = 4; lastKnownFileType = text; path = "test-all.mk"; sourceTree = "<group>"; };
		E0369DC92C25BB23004F1B6B /* test-base64-encode.c */ = {isa = PBXFileReference; fileEncoding = 4; lastKnownFileType = sourcecode.c.c; path = "test-base64-encode.c"; sourceTree = "<group>"; };
		E0369DCA2C25BB23004F1B6B /* test-blobfrombase64.c */ = {isa = PBXFileReference; fileEncoding = 4; lastKnownFileType = sourcecode.c.c; path = "test-blobfrombase64.c"; sourceTree = "<group>"; };
		E0369DCB2C25BB23004F1B6B /* test-dependencies.mk */ = {isa = PBXFileReference; fileEncoding = 4; lastKnownFileType = text; path = "test-dependencies.mk"; sourceTree = "<group>"; };
		E0369DCD2C25BB23004F1B6B /* LICENSE */ = {isa = PBXFileReference; fileEncoding = 4; lastKnownFileType = text; path = LICENSE; sourceTree = "<group>"; };
		E0369DCE2C25BB23004F1B6B /* README.md */ = {isa = PBXFileReference; fileEncoding = 4; lastKnownFileType = net.daringfireball.markdown; path = README.md; sourceTree = "<group>"; };
		E0369DCF2C25BB23004F1B6B /* sqlite3_regexp.c */ = {isa = PBXFileReference; fileEncoding = 4; lastKnownFileType = sourcecode.c.c; path = sqlite3_regexp.c; sourceTree = "<group>"; };
		E0369DD02C25BB23004F1B6B /* sqlite3_regexp.h */ = {isa = PBXFileReference; fileEncoding = 4; lastKnownFileType = sourcecode.c.h; path = sqlite3_regexp.h; sourceTree = "<group>"; };
		E0369DD22C25BB23004F1B6B /* README.md */ = {isa = PBXFileReference; fileEncoding = 4; lastKnownFileType = net.daringfireball.markdown; path = README.md; sourceTree = "<group>"; };
		E0369DD32C25BB23004F1B6B /* uuid.c */ = {isa = PBXFileReference; fileEncoding = 4; lastKnownFileType = sourcecode.c.c; path = uuid.c; sourceTree = "<group>"; };
		E23D7B471ACEFE2A00C59171 /* libSQLite.a */ = {isa = PBXFileReference; explicitFileType = archive.ar; includeInIndex = 0; path = libSQLite.a; sourceTree = BUILT_PRODUCTS_DIR; };
/* End PBXFileReference section */

/* Begin PBXFrameworksBuildPhase section */
		E23D7B441ACEFE2A00C59171 /* Frameworks */ = {
			isa = PBXFrameworksBuildPhase;
			buildActionMask = 2147483647;
			files = (
				E0369DD62C25BB23004F1B6B /* antlr.jar in Frameworks */,
				E0369DD72C25BB23004F1B6B /* gluegen.jar in Frameworks */,
			);
			runOnlyForDeploymentPostprocessing = 0;
		};
/* End PBXFrameworksBuildPhase section */

/* Begin PBXGroup section */
		C7DCD6E11BE0293D00F3300E /* SQLite */ = {
			isa = PBXGroup;
			children = (
				E0369DD52C25BB23004F1B6B /* sqlite */,
				C7DCD6E21BE0295900F3300E /* SQLite.h */,
				C7DCD6E31BE0295900F3300E /* SQLite.m */,
				C7DCD7151BE2D61E00F3300E /* SQLiteResult.h */,
				C7DCD7131BE2D5DE00F3300E /* SQLiteResult.m */,
			);
			name = SQLite;
			sourceTree = "<group>";
		};
		E0369DB52C25BB23004F1B6B /* gluegentools */ = {
			isa = PBXGroup;
			children = (
				E0369DB22C25BB23004F1B6B /* antlr.jar */,
				E0369DB32C25BB23004F1B6B /* gluegen.jar */,
				E0369DB42C25BB23004F1B6B /* README.md */,
			);
			path = gluegentools;
			sourceTree = "<group>";
		};
		E0369DBC2C25BB23004F1B6B /* libb64-core */ = {
			isa = PBXGroup;
			children = (
				E0369DB62C25BB23004F1B6B /* cdecode.c */,
				E0369DB72C25BB23004F1B6B /* cdecode.h */,
				E0369DB82C25BB23004F1B6B /* cencode.c */,
				E0369DB92C25BB23004F1B6B /* cencode.h */,
				E0369DBA2C25BB23004F1B6B /* LICENSE */,
				E0369DBB2C25BB23004F1B6B /* README.md */,
			);
			path = "libb64-core";
			sourceTree = "<group>";
		};
		E0369DC22C25BB23004F1B6B /* sqlite-amalgamation */ = {
			isa = PBXGroup;
			children = (
				E0369DBD2C25BB23004F1B6B /* LICENSE.md */,
				E0369DBE2C25BB23004F1B6B /* README.md */,
				E0369DBF2C25BB23004F1B6B /* sqlite3.c */,
				E0369DC02C25BB23004F1B6B /* sqlite3.h */,
				E0369DC12C25BB23004F1B6B /* sqlite3ext.h */,
			);
			path = "sqlite-amalgamation";
			sourceTree = "<group>";
		};
		E0369DCC2C25BB23004F1B6B /* sqlite3-base64 */ = {
			isa = PBXGroup;
			children = (
				E0369DC32C25BB23004F1B6B /* .gitignore */,
				E0369DC42C25BB23004F1B6B /* Makefile */,
				E0369DC52C25BB23004F1B6B /* README.md */,
				E0369DC62C25BB23004F1B6B /* sqlite3_base64.c */,
				E0369DC72C25BB23004F1B6B /* sqlite3_base64.h */,
				E0369DC82C25BB23004F1B6B /* test-all.mk */,
				E0369DC92C25BB23004F1B6B /* test-base64-encode.c */,
				E0369DCA2C25BB23004F1B6B /* test-blobfrombase64.c */,
				E0369DCB2C25BB23004F1B6B /* test-dependencies.mk */,
			);
			path = "sqlite3-base64";
			sourceTree = "<group>";
		};
		E0369DD12C25BB23004F1B6B /* sqlite3-regexp-cached */ = {
			isa = PBXGroup;
			children = (
				E0369DCD2C25BB23004F1B6B /* LICENSE */,
				E0369DCE2C25BB23004F1B6B /* README.md */,
				E0369DCF2C25BB23004F1B6B /* sqlite3_regexp.c */,
				E0369DD02C25BB23004F1B6B /* sqlite3_regexp.h */,
			);
			path = "sqlite3-regexp-cached";
			sourceTree = "<group>";
		};
		E0369DD42C25BB23004F1B6B /* sqlite3-uuid */ = {
			isa = PBXGroup;
			children = (
				E0369DD22C25BB23004F1B6B /* README.md */,
				E0369DD32C25BB23004F1B6B /* uuid.c */,
			);
			path = "sqlite3-uuid";
			sourceTree = "<group>";
		};
		E0369DD52C25BB23004F1B6B /* sqlite */ = {
			isa = PBXGroup;
			children = (
				E0369DB52C25BB23004F1B6B /* gluegentools */,
				E0369DBC2C25BB23004F1B6B /* libb64-core */,
				E0369DC22C25BB23004F1B6B /* sqlite-amalgamation */,
				E0369DCC2C25BB23004F1B6B /* sqlite3-base64 */,
				E0369DD12C25BB23004F1B6B /* sqlite3-regexp-cached */,
				E0369DD42C25BB23004F1B6B /* sqlite3-uuid */,
			);
			name = sqlite;
			path = ../../sqlite;
			sourceTree = "<group>";
		};
		E23D7B3E1ACEFE2A00C59171 = {
			isa = PBXGroup;
			children = (
				C7DCD6E11BE0293D00F3300E /* SQLite */,
				E23D7B481ACEFE2A00C59171 /* Products */,
			);
			indentWidth = 2;
			sourceTree = "<group>";
			tabWidth = 2;
		};
		E23D7B481ACEFE2A00C59171 /* Products */ = {
			isa = PBXGroup;
			children = (
				E23D7B471ACEFE2A00C59171 /* libSQLite.a */,
			);
			name = Products;
			sourceTree = "<group>";
		};
/* End PBXGroup section */

/* Begin PBXHeadersBuildPhase section */
		E25C749F1ACEFF2C004F0793 /* Headers */ = {
			isa = PBXHeadersBuildPhase;
			buildActionMask = 2147483647;
			files = (
				E0369DDD2C25BB23004F1B6B /* sqlite3.h in Headers */,
				E0369DDB2C25BB23004F1B6B /* cencode.h in Headers */,
				E0369DD92C25BB23004F1B6B /* cdecode.h in Headers */,
				E0369DE12C25BB23004F1B6B /* sqlite3_base64.h in Headers */,
				C7DCD6E41BE0295900F3300E /* SQLite.h in Headers */,
				E0369DDE2C25BB23004F1B6B /* sqlite3ext.h in Headers */,
				E0369DE52C25BB23004F1B6B /* sqlite3_regexp.h in Headers */,
			);
			runOnlyForDeploymentPostprocessing = 0;
		};
/* End PBXHeadersBuildPhase section */

/* Begin PBXNativeTarget section */
		E23D7B461ACEFE2A00C59171 /* SQLite */ = {
			isa = PBXNativeTarget;
			buildConfigurationList = E23D7B5B1ACEFE2A00C59171 /* Build configuration list for PBXNativeTarget "SQLite" */;
			buildPhases = (
				E23D7B431ACEFE2A00C59171 /* Sources */,
				E23D7B441ACEFE2A00C59171 /* Frameworks */,
				E23D7B451ACEFE2A00C59171 /* CopyFiles */,
				E25C749F1ACEFF2C004F0793 /* Headers */,
			);
			buildRules = (
			);
			dependencies = (
			);
			name = SQLite;
			productName = AIBSQLite;
			productReference = E23D7B471ACEFE2A00C59171 /* libSQLite.a */;
			productType = "com.apple.product-type.library.static";
		};
/* End PBXNativeTarget section */

/* Begin PBXProject section */
		E23D7B3F1ACEFE2A00C59171 /* Project object */ = {
			isa = PBXProject;
			attributes = {
				LastUpgradeCheck = 0920;
				ORGANIZATIONNAME = "Andrzej Porebski";
				TargetAttributes = {
					E23D7B461ACEFE2A00C59171 = {
						CreatedOnToolsVersion = 6.1.1;
					};
				};
			};
			buildConfigurationList = E23D7B421ACEFE2A00C59171 /* Build configuration list for PBXProject "SQLite" */;
			compatibilityVersion = "Xcode 3.2";
			developmentRegion = English;
			hasScannedForEncodings = 0;
			knownRegions = (
				English,
				en,
			);
			mainGroup = E23D7B3E1ACEFE2A00C59171;
			productRefGroup = E23D7B481ACEFE2A00C59171 /* Products */;
			projectDirPath = "";
			projectRoot = "";
			targets = (
				E23D7B461ACEFE2A00C59171 /* SQLite */,
			);
		};
/* End PBXProject section */

/* Begin PBXSourcesBuildPhase section */
		E23D7B431ACEFE2A00C59171 /* Sources */ = {
			isa = PBXSourcesBuildPhase;
			buildActionMask = 2147483647;
			files = (
				E0369DDF2C25BB23004F1B6B /* Makefile in Sources */,
				E0369DE62C25BB23004F1B6B /* uuid.c in Sources */,
				E0369DD82C25BB23004F1B6B /* cdecode.c in Sources */,
				E0369DE22C25BB23004F1B6B /* test-base64-encode.c in Sources */,
				C7DCD7141BE2D5DE00F3300E /* SQLiteResult.m in Sources */,
				E0369DE42C25BB23004F1B6B /* sqlite3_regexp.c in Sources */,
				E0369DE32C25BB23004F1B6B /* test-blobfrombase64.c in Sources */,
				C7DCD6E51BE0295A00F3300E /* SQLite.m in Sources */,
				E0369DE02C25BB23004F1B6B /* sqlite3_base64.c in Sources */,
				E0369DDA2C25BB23004F1B6B /* cencode.c in Sources */,
				E0369DDC2C25BB23004F1B6B /* sqlite3.c in Sources */,
			);
			runOnlyForDeploymentPostprocessing = 0;
		};
/* End PBXSourcesBuildPhase section */

/* Begin XCBuildConfiguration section */
		E23D7B591ACEFE2A00C59171 /* Debug */ = {
			isa = XCBuildConfiguration;
			buildSettings = {
				ALWAYS_SEARCH_USER_PATHS = NO;
				CLANG_CXX_LANGUAGE_STANDARD = "gnu++0x";
				CLANG_CXX_LIBRARY = "libc++";
				CLANG_ENABLE_MODULES = YES;
				CLANG_ENABLE_OBJC_ARC = YES;
				CLANG_WARN_BLOCK_CAPTURE_AUTORELEASING = YES;
				CLANG_WARN_BOOL_CONVERSION = YES;
				CLANG_WARN_COMMA = YES;
				CLANG_WARN_CONSTANT_CONVERSION = YES;
				CLANG_WARN_DIRECT_OBJC_ISA_USAGE = YES_ERROR;
				CLANG_WARN_EMPTY_BODY = YES;
				CLANG_WARN_ENUM_CONVERSION = YES;
				CLANG_WARN_INFINITE_RECURSION = YES;
				CLANG_WARN_INT_CONVERSION = YES;
				CLANG_WARN_NON_LITERAL_NULL_CONVERSION = YES;
				CLANG_WARN_OBJC_LITERAL_CONVERSION = YES;
				CLANG_WARN_OBJC_ROOT_CLASS = YES_ERROR;
				CLANG_WARN_RANGE_LOOP_ANALYSIS = YES;
				CLANG_WARN_STRICT_PROTOTYPES = YES;
				CLANG_WARN_SUSPICIOUS_MOVE = YES;
				CLANG_WARN_UNREACHABLE_CODE = YES;
				CLANG_WARN__DUPLICATE_METHOD_MATCH = YES;
				COPY_PHASE_STRIP = NO;
				ENABLE_STRICT_OBJC_MSGSEND = YES;
				ENABLE_TESTABILITY = YES;
				GCC_C_LANGUAGE_STANDARD = gnu99;
				GCC_DYNAMIC_NO_PIC = NO;
				GCC_NO_COMMON_BLOCKS = YES;
				GCC_OPTIMIZATION_LEVEL = 0;
				GCC_PREPROCESSOR_DEFINITIONS = (
					"DEBUG=1",
					"$(inherited)",
				);
				GCC_SYMBOLS_PRIVATE_EXTERN = NO;
				GCC_WARN_64_TO_32_BIT_CONVERSION = YES;
				GCC_WARN_ABOUT_RETURN_TYPE = YES_ERROR;
				GCC_WARN_UNDECLARED_SELECTOR = YES;
				GCC_WARN_UNINITIALIZED_AUTOS = YES_AGGRESSIVE;
				GCC_WARN_UNUSED_FUNCTION = YES;
				GCC_WARN_UNUSED_VARIABLE = YES;
				IPHONEOS_DEPLOYMENT_TARGET = 8.1;
				MTL_ENABLE_DEBUG_INFO = YES;
				ONLY_ACTIVE_ARCH = YES;
				SDKROOT = iphoneos;
			};
			name = Debug;
		};
		E23D7B5A1ACEFE2A00C59171 /* Release */ = {
			isa = XCBuildConfiguration;
			buildSettings = {
				ALWAYS_SEARCH_USER_PATHS = NO;
				CLANG_CXX_LANGUAGE_STANDARD = "gnu++0x";
				CLANG_CXX_LIBRARY = "libc++";
				CLANG_ENABLE_MODULES = YES;
				CLANG_ENABLE_OBJC_ARC = YES;
				CLANG_WARN_BLOCK_CAPTURE_AUTORELEASING = YES;
				CLANG_WARN_BOOL_CONVERSION = YES;
				CLANG_WARN_COMMA = YES;
				CLANG_WARN_CONSTANT_CONVERSION = YES;
				CLANG_WARN_DIRECT_OBJC_ISA_USAGE = YES_ERROR;
				CLANG_WARN_EMPTY_BODY = YES;
				CLANG_WARN_ENUM_CONVERSION = YES;
				CLANG_WARN_INFINITE_RECURSION = YES;
				CLANG_WARN_INT_CONVERSION = YES;
				CLANG_WARN_NON_LITERAL_NULL_CONVERSION = YES;
				CLANG_WARN_OBJC_LITERAL_CONVERSION = YES;
				CLANG_WARN_OBJC_ROOT_CLASS = YES_ERROR;
				CLANG_WARN_RANGE_LOOP_ANALYSIS = YES;
				CLANG_WARN_STRICT_PROTOTYPES = YES;
				CLANG_WARN_SUSPICIOUS_MOVE = YES;
				CLANG_WARN_UNREACHABLE_CODE = YES;
				CLANG_WARN__DUPLICATE_METHOD_MATCH = YES;
				COPY_PHASE_STRIP = YES;
				ENABLE_NS_ASSERTIONS = NO;
				ENABLE_STRICT_OBJC_MSGSEND = YES;
				GCC_C_LANGUAGE_STANDARD = gnu99;
				GCC_NO_COMMON_BLOCKS = YES;
				GCC_WARN_64_TO_32_BIT_CONVERSION = YES;
				GCC_WARN_ABOUT_RETURN_TYPE = YES_ERROR;
				GCC_WARN_UNDECLARED_SELECTOR = YES;
				GCC_WARN_UNINITIALIZED_AUTOS = YES_AGGRESSIVE;
				GCC_WARN_UNUSED_FUNCTION = YES;
				GCC_WARN_UNUSED_VARIABLE = YES;
				IPHONEOS_DEPLOYMENT_TARGET = 8.1;
				MTL_ENABLE_DEBUG_INFO = NO;
				SDKROOT = iphoneos;
				VALIDATE_PRODUCT = YES;
			};
			name = Release;
		};
		E23D7B5C1ACEFE2A00C59171 /* Debug */ = {
			isa = XCBuildConfiguration;
			buildSettings = {
				FRAMEWORK_SEARCH_PATHS = "$(inherited)";
				HEADER_SEARCH_PATHS = (
					"$(inherited)",
					/Applications/Xcode.app/Contents/Developer/Toolchains/XcodeDefault.xctoolchain/usr/include,
					"$(SRCROOT)/../../../react-native/React/**",
				);
				IPHONEOS_DEPLOYMENT_TARGET = 8.0;
				OTHER_LDFLAGS = "-ObjC";
				PRODUCT_NAME = SQLite;
				SKIP_INSTALL = YES;
				USER_HEADER_SEARCH_PATHS = "$(SRCROOT)/../../../react-native/React/**";
			};
			name = Debug;
		};
		E23D7B5D1ACEFE2A00C59171 /* Release */ = {
			isa = XCBuildConfiguration;
			buildSettings = {
				FRAMEWORK_SEARCH_PATHS = "$(inherited)";
				HEADER_SEARCH_PATHS = (
					"$(inherited)",
					/Applications/Xcode.app/Contents/Developer/Toolchains/XcodeDefault.xctoolchain/usr/include,
					"$(SRCROOT)/../../../react-native/React/**",
				);
				IPHONEOS_DEPLOYMENT_TARGET = 8.0;
				OTHER_LDFLAGS = "-ObjC";
				PRODUCT_NAME = SQLite;
				SKIP_INSTALL = YES;
				USER_HEADER_SEARCH_PATHS = "$(SRCROOT)/../../../react-native/React/**";
			};
			name = Release;
		};
/* End XCBuildConfiguration section */

/* Begin XCConfigurationList section */
		E23D7B421ACEFE2A00C59171 /* Build configuration list for PBXProject "SQLite" */ = {
			isa = XCConfigurationList;
			buildConfigurations = (
				E23D7B591ACEFE2A00C59171 /* Debug */,
				E23D7B5A1ACEFE2A00C59171 /* Release */,
			);
			defaultConfigurationIsVisible = 0;
			defaultConfigurationName = Release;
		};
		E23D7B5B1ACEFE2A00C59171 /* Build configuration list for PBXNativeTarget "SQLite" */ = {
			isa = XCConfigurationList;
			buildConfigurations = (
				E23D7B5C1ACEFE2A00C59171 /* Debug */,
				E23D7B5D1ACEFE2A00C59171 /* Release */,
			);
			defaultConfigurationIsVisible = 0;
			defaultConfigurationName = Release;
		};
/* End XCConfigurationList section */
	};
	rootObject = E23D7B3F1ACEFE2A00C59171 /* Project object */;
}
